
Microsoft Visual Studio Solution File, Format Version 12.00
# Visual Studio 15
VisualStudioVersion = 15.0.28010.2026
MinimumVisualStudioVersion = 10.0.40219.1
Project("{FAE04EC0-301F-11D3-BF4B-00C04F79EFBC}") = "nexamind-app", "nexamind-app\nexamind-app.csproj", "{94661B2B-C993-4042-9EDE-A7786D1A7C2A}"
EndProject
Project("{FAE04EC0-301F-11D3-BF4B-00C04F79EFBC}") = "nexamind.Data", "nexamind.Data\nexamind.Data.csproj", "{F22EE519-B882-458A-A6D2-1A6644B5AF5B}"
EndProject
Project("{FAE04EC0-301F-11D3-BF4B-00C04F79EFBC}") = "nexamind.BO", "nexamind.BO\nexamind.BO.csproj", "{677D0691-117F-4964-A532-9158E05624C3}"
EndProject
Global
	GlobalSection(SolutionConfigurationPlatforms) = preSolution
		Debug|Any CPU = Debug|Any CPU
		Release|Any CPU = Release|Any CPU
	EndGlobalSection
	GlobalSection(ProjectConfigurationPlatforms) = postSolution
		{94661B2B-C993-4042-9EDE-A7786D1A7C2A}.Debug|Any CPU.ActiveCfg = Debug|Any CPU
		{94661B2B-C993-4042-9EDE-A7786D1A7C2A}.Debug|Any CPU.Build.0 = Debug|Any CPU
		{94661B2B-C993-4042-9EDE-A7786D1A7C2A}.Release|Any CPU.ActiveCfg = Release|Any CPU
		{94661B2B-C993-4042-9EDE-A7786D1A7C2A}.Release|Any CPU.Build.0 = Release|Any CPU
		{F22EE519-B882-458A-A6D2-1A6644B5AF5B}.Debug|Any CPU.ActiveCfg = Debug|Any CPU
		{F22EE519-B882-458A-A6D2-1A6644B5AF5B}.Debug|Any CPU.Build.0 = Debug|Any CPU
		{F22EE519-B882-458A-A6D2-1A6644B5AF5B}.Release|Any CPU.ActiveCfg = Release|Any CPU
		{F22EE519-B882-458A-A6D2-1A6644B5AF5B}.Release|Any CPU.Build.0 = Release|Any CPU
		{677D0691-117F-4964-A532-9158E05624C3}.Debug|Any CPU.ActiveCfg = Debug|Any CPU
		{677D0691-117F-4964-A532-9158E05624C3}.Debug|Any CPU.Build.0 = Debug|Any CPU
		{677D0691-117F-4964-A532-9158E05624C3}.Release|Any CPU.ActiveCfg = Release|Any CPU
		{677D0691-117F-4964-A532-9158E05624C3}.Release|Any CPU.Build.0 = Release|Any CPU
	EndGlobalSection
	GlobalSection(SolutionProperties) = preSolution
		HideSolutionNode = FALSE
	EndGlobalSection
	GlobalSection(ExtensibilityGlobals) = postSolution
		SolutionGuid = {DCAE0878-B597-4CCF-BF46-02F6335ED925}
	EndGlobalSection
EndGlobal
